Microsoft Visual Studio Solution File, Format Version 11.00
# Visual Studio 2008

Project("{938A835C-CB58-A4F1-7629-D8530854F478}") = "Foursquare", "Assembly-CSharp-firstpass.csproj", "{58B52847-DD7F-0D6F-1AB6-998CF9264006}"
EndProject
Project("{938A835C-CB58-A4F1-7629-D8530854F478}") = "Foursquare", "Assembly-UnityScript-firstpass.unityproj", "{88AD94EE-379C-C659-899E-67B8AEDDFA5C}"
EndProject
Project("{938A835C-CB58-A4F1-7629-D8530854F478}") = "Foursquare", "Assembly-UnityScript.unityproj", "{8FA8BE80-9D41-9CA8-3569-46B63B84561E}"
EndProject
Global
	GlobalSection(SolutionConfigurationPlatforms) = preSolution
		Debug|Any CPU = Debug|Any CPU
		Release|Any CPU = Release|Any CPU
	EndGlobalSection
	GlobalSection(ProjectConfigurationPlatforms) = postSolution
		{58B52847-DD7F-0D6F-1AB6-998CF9264006}.Debug|Any CPU.ActiveCfg = Debug|Any CPU
		{58B52847-DD7F-0D6F-1AB6-998CF9264006}.Debug|Any CPU.Build.0 = Debug|Any CPU
		{58B52847-DD7F-0D6F-1AB6-998CF9264006}.Release|Any CPU.ActiveCfg = Release|Any CPU
		{58B52847-DD7F-0D6F-1AB6-998CF9264006}.Release|Any CPU.Build.0 = Release|Any CPU
		{88AD94EE-379C-C659-899E-67B8AEDDFA5C}.Debug|Any CPU.ActiveCfg = Debug|Any CPU
		{88AD94EE-379C-C659-899E-67B8AEDDFA5C}.Debug|Any CPU.Build.0 = Debug|Any CPU
		{88AD94EE-379C-C659-899E-67B8AEDDFA5C}.Release|Any CPU.ActiveCfg = Release|Any CPU
		{88AD94EE-379C-C659-899E-67B8AEDDFA5C}.Release|Any CPU.Build.0 = Release|Any CPU
		{8FA8BE80-9D41-9CA8-3569-46B63B84561E}.Debug|Any CPU.ActiveCfg = Debug|Any CPU
		{8FA8BE80-9D41-9CA8-3569-46B63B84561E}.Debug|Any CPU.Build.0 = Debug|Any CPU
		{8FA8BE80-9D41-9CA8-3569-46B63B84561E}.Release|Any CPU.ActiveCfg = Release|Any CPU
		{8FA8BE80-9D41-9CA8-3569-46B63B84561E}.Release|Any CPU.Build.0 = Release|Any CPU
	EndGlobalSection
	GlobalSection(SolutionProperties) = preSolution
		HideSolutionNode = FALSE
	EndGlobalSection
																GlobalSection(MonoDevelopProperties) = preSolution
		StartupItem = Assembly-CSharp.csproj
		Policies = $0
		$0.TextStylePolicy = $1
		$1.inheritsSet = null
		$1.scope = text/x-csharp
		$0.CSharpFormattingPolicy = $2
		$2.inheritsSet = Mono
		$2.inheritsScope = text/x-csharp
		$2.scope = text/x-csharp
		$0.TextStylePolicy = $3
		$3.FileWidth = 120
		$3.TabWidth = 4
		$3.EolMarker = Unix
		$3.inheritsSet = Mono
		$3.inheritsScope = text/plain
		$3.scope = text/plain
	EndGlobalSection

EndGlobal
